
Microsoft Visual Studio Solution File, Format Version 12.00
# Visual Studio Version 16
VisualStudioVersion = 16.0.31019.35
MinimumVisualStudioVersion = 10.0.40219.1
Project("{FAE04EC0-301F-11D3-BF4B-00C04F79EFBC}") = "Exam", "Exam\Exam.csproj", "{61A95B80-7EA4-4BD3-944A-5D2ECEB4DE21}"
EndProject
Global
	GlobalSection(SolutionConfigurationPlatforms) = preSolution
		Debug|Any CPU = Debug|Any CPU
		Release|Any CPU = Release|Any CPU
	EndGlobalSection
	GlobalSection(ProjectConfigurationPlatforms) = postSolution
		{61A95B80-7EA4-4BD3-944A-5D2ECEB4DE21}.Debug|Any CPU.ActiveCfg = Debug|Any CPU
		{61A95B80-7EA4-4BD3-944A-5D2ECEB4DE21}.Debug|Any CPU.Build.0 = Debug|Any CPU
		{61A95B80-7EA4-4BD3-944A-5D2ECEB4DE21}.Release|Any CPU.ActiveCfg = Release|Any CPU
		{61A95B80-7EA4-4BD3-944A-5D2ECEB4DE21}.Release|Any CPU.Build.0 = Release|Any CPU
	EndGlobalSection
	GlobalSection(SolutionProperties) = preSolution
		HideSolutionNode = FALSE
	EndGlobalSection
	GlobalSection(ExtensibilityGlobals) = postSolution
		SolutionGuid = {22C3BD3D-859D-4341-A803-B241743D4AB3}
	EndGlobalSection
EndGlobal
